
Microsoft Visual Studio Solution File, Format Version 12.00
# Visual Studio Version 17
VisualStudioVersion = 17.7.34024.191
MinimumVisualStudioVersion = 10.0.40219.1
Project("{9A19103F-16F7-4668-BE54-9A1E7A4F7556}") = "FrontApi", "FrontApi\FrontApi.csproj", "{3687EE24-5B76-4451-9040-A0CDA7DAC2EF}"
EndProject
Project("{FAE04EC0-301F-11D3-BF4B-00C04F79EFBC}") = "Api2", "Api2\Api2.csproj", "{54BF1783-3848-4A3D-A074-C9EF6F31FB2A}"
EndProject
Project("{FAE04EC0-301F-11D3-BF4B-00C04F79EFBC}") = "Api3", "Api3\Api3.csproj", "{4FEE3E15-D3EC-4A42-A823-994321001105}"
EndProject
Global
	GlobalSection(SolutionConfigurationPlatforms) = preSolution
		Debug|Any CPU = Debug|Any CPU
		Release|Any CPU = Release|Any CPU
	EndGlobalSection
	GlobalSection(ProjectConfigurationPlatforms) = postSolution
		{3687EE24-5B76-4451-9040-A0CDA7DAC2EF}.Debug|Any CPU.ActiveCfg = Debug|Any CPU
		{3687EE24-5B76-4451-9040-A0CDA7DAC2EF}.Debug|Any CPU.Build.0 = Debug|Any CPU
		{3687EE24-5B76-4451-9040-A0CDA7DAC2EF}.Release|Any CPU.ActiveCfg = Release|Any CPU
		{3687EE24-5B76-4451-9040-A0CDA7DAC2EF}.Release|Any CPU.Build.0 = Release|Any CPU
		{54BF1783-3848-4A3D-A074-C9EF6F31FB2A}.Debug|Any CPU.ActiveCfg = Debug|Any CPU
		{54BF1783-3848-4A3D-A074-C9EF6F31FB2A}.Debug|Any CPU.Build.0 = Debug|Any CPU
		{54BF1783-3848-4A3D-A074-C9EF6F31FB2A}.Release|Any CPU.ActiveCfg = Release|Any CPU
		{54BF1783-3848-4A3D-A074-C9EF6F31FB2A}.Release|Any CPU.Build.0 = Release|Any CPU
		{4FEE3E15-D3EC-4A42-A823-994321001105}.Debug|Any CPU.ActiveCfg = Debug|Any CPU
		{4FEE3E15-D3EC-4A42-A823-994321001105}.Debug|Any CPU.Build.0 = Debug|Any CPU
		{4FEE3E15-D3EC-4A42-A823-994321001105}.Release|Any CPU.ActiveCfg = Release|Any CPU
		{4FEE3E15-D3EC-4A42-A823-994321001105}.Release|Any CPU.Build.0 = Release|Any CPU
	EndGlobalSection
	GlobalSection(SolutionProperties) = preSolution
		HideSolutionNode = FALSE
	EndGlobalSection
	GlobalSection(ExtensibilityGlobals) = postSolution
		SolutionGuid = {B3A279F9-ADBB-4888-A97F-8B90A583EADD}
	EndGlobalSection
EndGlobal
